
Microsoft Visual Studio Solution File, Format Version 12.00
# Visual Studio 15
VisualStudioVersion = 15.0.28307.271
MinimumVisualStudioVersion = 10.0.40219.1
Project("{FAE04EC0-301F-11D3-BF4B-00C04F79EFBC}") = "OOCA2", "OOCA2\OOCA2.csproj", "{A6287C39-673E-4296-B250-EDD2A4BAC204}"
EndProject
Global
	GlobalSection(SolutionConfigurationPlatforms) = preSolution
		Debug|Any CPU = Debug|Any CPU
		Release|Any CPU = Release|Any CPU
	EndGlobalSection
	GlobalSection(ProjectConfigurationPlatforms) = postSolution
		{A6287C39-673E-4296-B250-EDD2A4BAC204}.Debug|Any CPU.ActiveCfg = Debug|Any CPU
		{A6287C39-673E-4296-B250-EDD2A4BAC204}.Debug|Any CPU.Build.0 = Debug|Any CPU
		{A6287C39-673E-4296-B250-EDD2A4BAC204}.Release|Any CPU.ActiveCfg = Release|Any CPU
		{A6287C39-673E-4296-B250-EDD2A4BAC204}.Release|Any CPU.Build.0 = Release|Any CPU
	EndGlobalSection
	GlobalSection(SolutionProperties) = preSolution
		HideSolutionNode = FALSE
	EndGlobalSection
	GlobalSection(ExtensibilityGlobals) = postSolution
		SolutionGuid = {F39B57A0-5DC1-4605-B762-9CD4188003AF}
	EndGlobalSection
EndGlobal
